// !$*UTF8*$!
{
	archiveVersion = 1;
	classes = {
	};
	objectVersion = 46;
	objects = {

/* Begin PBXBuildFile section */
		830BE2121C60762F00F6E0FA /* AppDelegate.swift in Sources */ = {isa = PBXBuildFile; fileRef = 830BE2111C60762F00F6E0FA /* AppDelegate.swift */; };
		830BE2141C60762F00F6E0FA /* ViewController.swift in Sources */ = {isa = PBXBuildFile; fileRef = 830BE2131C60762F00F6E0FA /* ViewController.swift */; };
		830BE2171C60762F00F6E0FA /* Main.storyboard in Resources */ = {isa = PBXBuildFile; fileRef = 830BE2151C60762F00F6E0FA /* Main.storyboard */; };
		830BE2191C60762F00F6E0FA /* Assets.xcassets in Resources */ = {isa = PBXBuildFile; fileRef = 830BE2181C60762F00F6E0FA /* Assets.xcassets */; };
		830BE21C1C60762F00F6E0FA /* LaunchScreen.storyboard in Resources */ = {isa = PBXBuildFile; fileRef = 830BE21A1C60762F00F6E0FA /* LaunchScreen.storyboard */; };
		830BE2271C60762F00F6E0FA /* WarmupRepsTests.swift in Sources */ = {isa = PBXBuildFile; fileRef = 830BE2261C60762F00F6E0FA /* WarmupRepsTests.swift */; };
/* End PBXBuildFile section */

/* Begin PBXContainerItemProxy section */
		830BE2231C60762F00F6E0FA /* PBXContainerItemProxy */ = {
			isa = PBXContainerItemProxy;
			containerPortal = 830BE2061C60762F00F6E0FA /* Project object */;
			proxyType = 1;
			remoteGlobalIDString = 830BE20D1C60762F00F6E0FA;
			remoteInfo = WarmupReps;
		};
/* End PBXContainerItemProxy section */

/* Begin PBXFileReference section */
		830BE20E1C60762F00F6E0FA /* WarmupReps.app */ = {isa = PBXFileReference; explicitFileType = wrapper.application; includeInIndex = 0; path = WarmupReps.app; sourceTree = BUILT_PRODUCTS_DIR; };
		830BE2111C60762F00F6E0FA /* AppDelegate.swift */ = {isa = PBXFileReference; lastKnownFileType = sourcecode.swift; path = AppDelegate.swift; sourceTree = "<group>"; };
		830BE2131C60762F00F6E0FA /* ViewController.swift */ = {isa = PBXFileReference; lastKnownFileType = sourcecode.swift; path = ViewController.swift; sourceTree = "<group>"; };
		830BE2161C60762F00F6E0FA /* Base */ = {isa = PBXFileReference; lastKnownFileType = file.storyboard; name = Base; path = Base.lproj/Main.storyboard; sourceTree = "<group>"; };
		830BE2181C60762F00F6E0FA /* Assets.xcassets */ = {isa = PBXFileReference; lastKnownFileType = folder.assetcatalog; path = Assets.xcassets; sourceTree = "<group>"; };
		830BE21B1C60762F00F6E0FA /* Base */ = {isa = PBXFileReference; lastKnownFileType = file.storyboard; name = Base; path = Base.lproj/LaunchScreen.storyboard; sourceTree = "<group>"; };
		830BE21D1C60762F00F6E0FA /* Info.plist */ = {isa = PBXFileReference; lastKnownFileType = text.plist.xml; path = Info.plist; sourceTree = "<group>"; };
		830BE2221C60762F00F6E0FA /* WarmupRepsTests.xctest */ = {isa = PBXFileReference; explicitFileType = wrapper.cfbundle; includeInIndex = 0; path = WarmupRepsTests.xctest; sourceTree = BUILT_PRODUCTS_DIR; };
		830BE2261C60762F00F6E0FA /* WarmupRepsTests.swift */ = {isa = PBXFileReference; lastKnownFileType = sourcecode.swift; path = WarmupRepsTests.swift; sourceTree = "<group>"; };
		830BE2281C60762F00F6E0FA /* Info.plist */ = {isa = PBXFileReference; lastKnownFileType = text.plist.xml; path = Info.plist; sourceTree = "<group>"; };
/* End PBXFileReference section */

/* Begin PBXFrameworksBuildPhase section */
		830BE20B1C60762F00F6E0FA /* Frameworks */ = {
			isa = PBXFrameworksBuildPhase;
			buildActionMask = 2147483647;
			files = (
			);
			runOnlyForDeploymentPostprocessing = 0;
		};
		830BE21F1C60762F00F6E0FA /* Frameworks */ = {
			isa = PBXFrameworksBuildPhase;
			buildActionMask = 2147483647;
			files = (
			);
			runOnlyForDeploymentPostprocessing = 0;
		};
/* End PBXFrameworksBuildPhase section */

/* Begin PBXGroup section */
		830BE2051C60762F00F6E0FA = {
			isa = PBXGroup;
			children = (
				830BE2101C60762F00F6E0FA /* WarmupReps */,
				830BE2251C60762F00F6E0FA /* WarmupRepsTests */,
				830BE20F1C60762F00F6E0FA /* Products */,
			);
			sourceTree = "<group>";
		};
		830BE20F1C60762F00F6E0FA /* Products */ = {
			isa = PBXGroup;
			children = (
				830BE20E1C60762F00F6E0FA /* WarmupReps.app */,
				830BE2221C60762F00F6E0FA /* WarmupRepsTests.xctest */,
			);
			name = Products;
			sourceTree = "<group>";
		};
		830BE2101C60762F00F6E0FA /* WarmupReps */ = {
			isa = PBXGroup;
			children = (
				830BE2111C60762F00F6E0FA /* AppDelegate.swift */,
				830BE2131C60762F00F6E0FA /* ViewController.swift */,
				830BE2151C60762F00F6E0FA /* Main.storyboard */,
				830BE2181C60762F00F6E0FA /* Assets.xcassets */,
				830BE21A1C60762F00F6E0FA /* LaunchScreen.storyboard */,
				830BE21D1C60762F00F6E0FA /* Info.plist */,
			);
			path = WarmupReps;
			sourceTree = "<group>";
		};
		830BE2251C60762F00F6E0FA /* WarmupRepsTests */ = {
			isa = PBXGroup;
			children = (
				830BE2261C60762F00F6E0FA /* WarmupRepsTests.swift */,
				830BE2281C60762F00F6E0FA /* Info.plist */,
			);
			path = WarmupRepsTests;
			sourceTree = "<group>";
		};
/* End PBXGroup section */

/* Begin PBXNativeTarget section */
		830BE20D1C60762F00F6E0FA /* WarmupReps */ = {
			isa = PBXNativeTarget;
			buildConfigurationList = 830BE22B1C60762F00F6E0FA /* Build configuration list for PBXNativeTarget "WarmupReps" */;
			buildPhases = (
				830BE20A1C60762F00F6E0FA /* Sources */,
				830BE20B1C60762F00F6E0FA /* Frameworks */,
				830BE20C1C60762F00F6E0FA /* Resources */,
			);
			buildRules = (
			);
			dependencies = (
			);
			name = WarmupReps;
			productName = WarmupReps;
			productReference = 830BE20E1C60762F00F6E0FA /* WarmupReps.app */;
			productType = "com.apple.product-type.application";
		};
		830BE2211C60762F00F6E0FA /* WarmupRepsTests */ = {
			isa = PBXNativeTarget;
			buildConfigurationList = 830BE22E1C60762F00F6E0FA /* Build configuration list for PBXNativeTarget "WarmupRepsTests" */;
			buildPhases = (
				830BE21E1C60762F00F6E0FA /* Sources */,
				830BE21F1C60762F00F6E0FA /* Frameworks */,
				830BE2201C60762F00F6E0FA /* Resources */,
			);
			buildRules = (
			);
			dependencies = (
				830BE2241C60762F00F6E0FA /* PBXTargetDependency */,
			);
			name = WarmupRepsTests;
			productName = WarmupRepsTests;
			productReference = 830BE2221C60762F00F6E0FA /* WarmupRepsTests.xctest */;
			productType = "com.apple.product-type.bundle.unit-test";
		};
/* End PBXNativeTarget section */

/* Begin PBXProject section */
		830BE2061C60762F00F6E0FA /* Project object */ = {
			isa = PBXProject;
			attributes = {
				LastSwiftUpdateCheck = 0720;
				LastUpgradeCheck = 0720;
				ORGANIZATIONNAME = "Ali Mills";
				TargetAttributes = {
					830BE20D1C60762F00F6E0FA = {
						CreatedOnToolsVersion = 7.2;
					};
					830BE2211C60762F00F6E0FA = {
						CreatedOnToolsVersion = 7.2;
						TestTargetID = 830BE20D1C60762F00F6E0FA;
					};
				};
			};
			buildConfigurationList = 830BE2091C60762F00F6E0FA /* Build configuration list for PBXProject "WarmupReps" */;
			compatibilityVersion = "Xcode 3.2";
			developmentRegion = English;
			hasScannedForEncodings = 0;
			knownRegions = (
				en,
				Base,
			);
			mainGroup = 830BE2051C60762F00F6E0FA;
			productRefGroup = 830BE20F1C60762F00F6E0FA /* Products */;
			projectDirPath = "";
			projectRoot = "";
			targets = (
				830BE20D1C60762F00F6E0FA /* WarmupReps */,
				830BE2211C60762F00F6E0FA /* WarmupRepsTests */,
			);
		};
/* End PBXProject section */

/* Begin PBXResourcesBuildPhase section */
		830BE20C1C60762F00F6E0FA /* Resources */ = {
			isa = PBXResourcesBuildPhase;
			buildActionMask = 2147483647;
			files = (
				830BE21C1C60762F00F6E0FA /* LaunchScreen.storyboard in Resources */,
				830BE2191C60762F00F6E0FA /* Assets.xcassets in Resources */,
				830BE2171C60762F00F6E0FA /* Main.storyboard in Resources */,
			);
			runOnlyForDeploymentPostprocessing = 0;
		};
		830BE2201C60762F00F6E0FA /* Resources */ = {
			isa = PBXResourcesBuildPhase;
			buildActionMask = 2147483647;
			files = (
			);
			runOnlyForDeploymentPostprocessing = 0;
		};
/* End PBXResourcesBuildPhase section */

/* Begin PBXSourcesBuildPhase section */
		830BE20A1C60762F00F6E0FA /* Sources */ = {
			isa = PBXSourcesBuildPhase;
			buildActionMask = 2147483647;
			files = (
				830BE2141C60762F00F6E0FA /* ViewController.swift in Sources */,
				830BE2121C60762F00F6E0FA /* AppDelegate.swift in Sources */,
			);
			runOnlyForDeploymentPostprocessing = 0;
		};
		830BE21E1C60762F00F6E0FA /* Sources */ = {
			isa = PBXSourcesBuildPhase;
			buildActionMask = 2147483647;
			files = (
				830BE2271C60762F00F6E0FA /* WarmupRepsTests.swift in Sources */,
			);
			runOnlyForDeploymentPostprocessing = 0;
		};
/* End PBXSourcesBuildPhase section */

/* Begin PBXTargetDependency section */
		830BE2241C60762F00F6E0FA /* PBXTargetDependency */ = {
			isa = PBXTargetDependency;
			target = 830BE20D1C60762F00F6E0FA /* WarmupReps */;
			targetProxy = 830BE2231C60762F00F6E0FA /* PBXContainerItemProxy */;
		};
/* End PBXTargetDependency section */

/* Begin PBXVariantGroup section */
		830BE2151C60762F00F6E0FA /* Main.storyboard */ = {
			isa = PBXVariantGroup;
			children = (
				830BE2161C60762F00F6E0FA /* Base */,
			);
			name = Main.storyboard;
			sourceTree = "<group>";
		};
		830BE21A1C60762F00F6E0FA /* LaunchScreen.storyboard */ = {
			isa = PBXVariantGroup;
			children = (
				830BE21B1C60762F00F6E0FA /* Base */,
			);
			name = LaunchScreen.storyboard;
			sourceTree = "<group>";
		};
/* End PBXVariantGroup section */

/* Begin XCBuildConfiguration section */
		830BE2291C60762F00F6E0FA /* Debug */ = {
			isa = XCBuildConfiguration;
			buildSettings = {
				ALWAYS_SEARCH_USER_PATHS = NO;
				CLANG_CXX_LANGUAGE_STANDARD = "gnu++0x";
				CLANG_CXX_LIBRARY = "libc++";
				CLANG_ENABLE_MODULES = YES;
				CLANG_ENABLE_OBJC_ARC = YES;
				CLANG_WARN_BOOL_CONVERSION = YES;
				CLANG_WARN_CONSTANT_CONVERSION = YES;
				CLANG_WARN_DIRECT_OBJC_ISA_USAGE = YES_ERROR;
				CLANG_WARN_EMPTY_BODY = YES;
				CLANG_WARN_ENUM_CONVERSION = YES;
				CLANG_WARN_INT_CONVERSION = YES;
				CLANG_WARN_OBJC_ROOT_CLASS = YES_ERROR;
				CLANG_WARN_UNREACHABLE_CODE = YES;
				CLANG_WARN__DUPLICATE_METHOD_MATCH = YES;
				"CODE_SIGN_IDENTITY[sdk=iphoneos*]" = "iPhone Developer";
				COPY_PHASE_STRIP = NO;
				DEBUG_INFORMATION_FORMAT = dwarf;
				ENABLE_STRICT_OBJC_MSGSEND = YES;
				ENABLE_TESTABILITY = YES;
				GCC_C_LANGUAGE_STANDARD = gnu99;
				GCC_DYNAMIC_NO_PIC = NO;
				GCC_NO_COMMON_BLOCKS = YES;
				GCC_OPTIMIZATION_LEVEL = 0;
				GCC_PREPROCESSOR_DEFINITIONS = (
					"DEBUG=1",
					"$(inherited)",
				);
				GCC_WARN_64_TO_32_BIT_CONVERSION = YES;
				GCC_WARN_ABOUT_RETURN_TYPE = YES_ERROR;
				GCC_WARN_UNDECLARED_SELECTOR = YES;
				GCC_WARN_UNINITIALIZED_AUTOS = YES_AGGRESSIVE;
				GCC_WARN_UNUSED_FUNCTION = YES;
				GCC_WARN_UNUSED_VARIABLE = YES;
				IPHONEOS_DEPLOYMENT_TARGET = 9.2;
				MTL_ENABLE_DEBUG_INFO = YES;
				ONLY_ACTIVE_ARCH = YES;
				SDKROOT = iphoneos;
				SWIFT_OPTIMIZATION_LEVEL = "-Onone";
				TARGETED_DEVICE_FAMILY = "1,2";
			};
			name = Debug;
		};
		830BE22A1C60762F00F6E0FA /* Release */ = {
			isa = XCBuildConfiguration;
			buildSettings = {
				ALWAYS_SEARCH_USER_PATHS = NO;
				CLANG_CXX_LANGUAGE_STANDARD = "gnu++0x";
				CLANG_CXX_LIBRARY = "libc++";
				CLANG_ENABLE_MODULES = YES;
				CLANG_ENABLE_OBJC_ARC = YES;
				CLANG_WARN_BOOL_CONVERSION = YES;
				CLANG_WARN_CONSTANT_CONVERSION = YES;
				CLANG_WARN_DIRECT_OBJC_ISA_USAGE = YES_ERROR;
				CLANG_WARN_EMPTY_BODY = YES;
				CLANG_WARN_ENUM_CONVERSION = YES;
				CLANG_WARN_INT_CONVERSION = YES;
				CLANG_WARN_OBJC_ROOT_CLASS = YES_ERROR;
				CLANG_WARN_UNREACHABLE_CODE = YES;
				CLANG_WARN__DUPLICATE_METHOD_MATCH = YES;
				"CODE_SIGN_IDENTITY[sdk=iphoneos*]" = "iPhone Developer";
				COPY_PHASE_STRIP = NO;
				DEBUG_INFORMATION_FORMAT = "dwarf-with-dsym";
				ENABLE_NS_ASSERTIONS = NO;
				ENABLE_STRICT_OBJC_MSGSEND = YES;
				GCC_C_LANGUAGE_STANDARD = gnu99;
				GCC_NO_COMMON_BLOCKS = YES;
				GCC_WARN_64_TO_32_BIT_CONVERSION = YES;
				GCC_WARN_ABOUT_RETURN_TYPE = YES_ERROR;
				GCC_WARN_UNDECLARED_SELECTOR = YES;
				GCC_WARN_UNINITIALIZED_AUTOS = YES_AGGRESSIVE;
				GCC_WARN_UNUSED_FUNCTION = YES;
				GCC_WARN_UNUSED_VARIABLE = YES;
				IPHONEOS_DEPLOYMENT_TARGET = 9.2;
				MTL_ENABLE_DEBUG_INFO = NO;
				SDKROOT = iphoneos;
				TARGETED_DEVICE_FAMILY = "1,2";
				VALIDATE_PRODUCT = YES;
			};
			name = Release;
		};
		830BE22C1C60762F00F6E0FA /* Debug */ = {
			isa = XCBuildConfiguration;
			buildSettings = {
				ASSETCATALOG_COMPILER_APPICON_NAME = AppIcon;
				INFOPLIST_FILE = WarmupReps/Info.plist;
				LD_RUNPATH_SEARCH_PATHS = "$(inherited) @executable_path/Frameworks";
				PRODUCT_BUNDLE_IDENTIFIER = millzila.WarmupReps;
				PRODUCT_NAME = "$(TARGET_NAME)";
			};
			name = Debug;
		};
		830BE22D1C60762F00F6E0FA /* Release */ = {
			isa = XCBuildConfiguration;
			buildSettings = {
				ASSETCATALOG_COMPILER_APPICON_NAME = AppIcon;
				INFOPLIST_FILE = WarmupReps/Info.plist;
				LD_RUNPATH_SEARCH_PATHS = "$(inherited) @executable_path/Frameworks";
				PRODUCT_BUNDLE_IDENTIFIER = millzila.WarmupReps;
				PRODUCT_NAME = "$(TARGET_NAME)";
			};
			name = Release;
		};
		830BE22F1C60762F00F6E0FA /* Debug */ = {
			isa = XCBuildConfiguration;
			buildSettings = {
				BUNDLE_LOADER = "$(TEST_HOST)";
				INFOPLIST_FILE = WarmupRepsTests/Info.plist;
				LD_RUNPATH_SEARCH_PATHS = "$(inherited) @executable_path/Frameworks @loader_path/Frameworks";
				PRODUCT_BUNDLE_IDENTIFIER = millzila.WarmupRepsTests;
				PRODUCT_NAME = "$(TARGET_NAME)";
				TEST_HOST = "$(BUILT_PRODUCTS_DIR)/WarmupReps.app/WarmupReps";
			};
			name = Debug;
		};
		830BE2301C60762F00F6E0FA /* Release */ = {
			isa = XCBuildConfiguration;
			buildSettings = {
				BUNDLE_LOADER = "$(TEST_HOST)";
				INFOPLIST_FILE = WarmupRepsTests/Info.plist;
				LD_RUNPATH_SEARCH_PATHS = "$(inherited) @executable_path/Frameworks @loader_path/Frameworks";
				PRODUCT_BUNDLE_IDENTIFIER = millzila.WarmupRepsTests;
				PRODUCT_NAME = "$(TARGET_NAME)";
				TEST_HOST = "$(BUILT_PRODUCTS_DIR)/WarmupReps.app/WarmupReps";
			};
			name = Release;
		};
/* End XCBuildConfiguration section */

/* Begin XCConfigurationList section */
		830BE2091C60762F00F6E0FA /* Build configuration list for PBXProject "WarmupReps" */ = {
			isa = XCConfigurationList;
			buildConfigurations = (
				830BE2291C60762F00F6E0FA /* Debug */,
				830BE22A1C60762F00F6E0FA /* Release */,
			);
			defaultConfigurationIsVisible = 0;
			defaultConfigurationName = Release;
		};
		830BE22B1C60762F00F6E0FA /* Build configuration list for PBXNativeTarget "WarmupReps" */ = {
			isa = XCConfigurationList;
			buildConfigurations = (
				830BE22C1C60762F00F6E0FA /* Debug */,
				830BE22D1C60762F00F6E0FA /* Release */,
			);
			defaultConfigurationIsVisible = 0;
		};
		830BE22E1C60762F00F6E0FA /* Build configuration list for PBXNativeTarget "WarmupRepsTests" */ = {
			isa = XCConfigurationList;
			buildConfigurations = (
				830BE22F1C60762F00F6E0FA /* Debug */,
				830BE2301C60762F00F6E0FA /* Release */,
			);
			defaultConfigurationIsVisible = 0;
		};
/* End XCConfigurationList section */
	};
	rootObject = 830BE2061C60762F00F6E0FA /* Project object */;
}
